// !$*UTF8*$!
{
	archiveVersion = 1;
	classes = {
	};
	objectVersion = 46;
	objects = {

/* Begin PBXBuildFile section */
		030FABB01CBD5F2D009022E0 /* upArrow.png in Resources */ = {isa = PBXBuildFile; fileRef = 030FABAF1CBD5F2D009022E0 /* upArrow.png */; };
		030FABB21CBD5F33009022E0 /* downArrow.png in Resources */ = {isa = PBXBuildFile; fileRef = 030FABB11CBD5F33009022E0 /* downArrow.png */; };
		030FABB91CBD6033009022E0 /* backwardArrow.png in Resources */ = {isa = PBXBuildFile; fileRef = 030FABB41CBD6033009022E0 /* backwardArrow.png */; };
		030FABBA1CBD6033009022E0 /* forwardArrow.png in Resources */ = {isa = PBXBuildFile; fileRef = 030FABB51CBD6033009022E0 /* forwardArrow.png */; };
		030FABBB1CBD6033009022E0 /* leftYaw.png in Resources */ = {isa = PBXBuildFile; fileRef = 030FABB61CBD6033009022E0 /* leftYaw.png */; };
		030FABBC1CBD6033009022E0 /* rightYaw.png in Resources */ = {isa = PBXBuildFile; fileRef = 030FABB71CBD6033009022E0 /* rightYaw.png */; };
		032402F61CA0E120002E4AEE /* main.m in Sources */ = {isa = PBXBuildFile; fileRef = 032402F51CA0E120002E4AEE /* main.m */; };
		032402F91CA0E120002E4AEE /* AppDelegate.m in Sources */ = {isa = PBXBuildFile; fileRef = 032402F81CA0E120002E4AEE /* AppDelegate.m */; };
		032402FC1CA0E120002E4AEE /* ViewController.m in Sources */ = {isa = PBXBuildFile; fileRef = 032402FB1CA0E120002E4AEE /* ViewController.m */; };
		032402FF1CA0E120002E4AEE /* Main.storyboard in Resources */ = {isa = PBXBuildFile; fileRef = 032402FD1CA0E120002E4AEE /* Main.storyboard */; };
		032403011CA0E120002E4AEE /* Assets.xcassets in Resources */ = {isa = PBXBuildFile; fileRef = 032403001CA0E120002E4AEE /* Assets.xcassets */; };
		0324030D1CA0E214002E4AEE /* LaunchScreen.xib in Resources */ = {isa = PBXBuildFile; fileRef = 0324030B1CA0E214002E4AEE /* LaunchScreen.xib */; };
		032403101CA0E248002E4AEE /* PilotingViewController.m in Sources */ = {isa = PBXBuildFile; fileRef = 0324030F1CA0E248002E4AEE /* PilotingViewController.m */; };
		032403121CA0E3CC002E4AEE /* Launch Screen.storyboard in Resources */ = {isa = PBXBuildFile; fileRef = 032403111CA0E3CC002E4AEE /* Launch Screen.storyboard */; };
		032403191CA0E976002E4AEE /* FFUtility.m in Sources */ = {isa = PBXBuildFile; fileRef = 032403181CA0E976002E4AEE /* FFUtility.m */; };
		0324031C1CA0E9F6002E4AEE /* FFButton.m in Sources */ = {isa = PBXBuildFile; fileRef = 0324031B1CA0E9F6002E4AEE /* FFButton.m */; };
		0324031E1CA0EB46002E4AEE /* Foundation.framework in Frameworks */ = {isa = PBXBuildFile; fileRef = 0324031D1CA0EB46002E4AEE /* Foundation.framework */; };
		032403201CA0EB4B002E4AEE /* ImageIO.framework in Frameworks */ = {isa = PBXBuildFile; fileRef = 0324031F1CA0EB4B002E4AEE /* ImageIO.framework */; };
		032403221CA0EB57002E4AEE /* AssetsLibrary.framework in Frameworks */ = {isa = PBXBuildFile; fileRef = 032403211CA0EB57002E4AEE /* AssetsLibrary.framework */; };
		0375CB871CBEF19700D13B64 /* drone.png in Resources */ = {isa = PBXBuildFile; fileRef = 0375CB861CBEF19700D13B64 /* drone.png */; };
		0385370A1CB6F1D9008DA53E /* MoreViewController.m in Sources */ = {isa = PBXBuildFile; fileRef = 038537091CB6F1D9008DA53E /* MoreViewController.m */; };
		0385370C1CB6F804008DA53E /* DismissSegue.m in Sources */ = {isa = PBXBuildFile; fileRef = 0385370B1CB6F804008DA53E /* DismissSegue.m */; };
		03E95F271CBEE1C20036C3ED /* camera.png in Resources */ = {isa = PBXBuildFile; fileRef = 03E95F261CBEE1C20036C3ED /* camera.png */; };
		03E95F291CBEE1D60036C3ED /* land.png in Resources */ = {isa = PBXBuildFile; fileRef = 03E95F281CBEE1D60036C3ED /* land.png */; };
		03E95F2B1CBEE1E00036C3ED /* takeOff.png in Resources */ = {isa = PBXBuildFile; fileRef = 03E95F2A1CBEE1E00036C3ED /* takeOff.png */; };
		03E95F2D1CBEE47B0036C3ED /* backFlip.png in Resources */ = {isa = PBXBuildFile; fileRef = 03E95F2C1CBEE47B0036C3ED /* backFlip.png */; };
		03E95F2F1CBEE5400036C3ED /* back.png in Resources */ = {isa = PBXBuildFile; fileRef = 03E95F2E1CBEE5400036C3ED /* back.png */; };
/* End PBXBuildFile section */

/* Begin PBXFileReference section */
		030FABAF1CBD5F2D009022E0 /* upArrow.png */ = {isa = PBXFileReference; lastKnownFileType = image.png; path = upArrow.png; sourceTree = "<group>"; };
		030FABB11CBD5F33009022E0 /* downArrow.png */ = {isa = PBXFileReference; lastKnownFileType = image.png; path = downArrow.png; sourceTree = "<group>"; };
		030FABB41CBD6033009022E0 /* backwardArrow.png */ = {isa = PBXFileReference; lastKnownFileType = image.png; path = backwardArrow.png; sourceTree = "<group>"; };
		030FABB51CBD6033009022E0 /* forwardArrow.png */ = {isa = PBXFileReference; lastKnownFileType = image.png; path = forwardArrow.png; sourceTree = "<group>"; };
		030FABB61CBD6033009022E0 /* leftYaw.png */ = {isa = PBXFileReference; lastKnownFileType = image.png; path = leftYaw.png; sourceTree = "<group>"; };
		030FABB71CBD6033009022E0 /* rightYaw.png */ = {isa = PBXFileReference; lastKnownFileType = image.png; path = rightYaw.png; sourceTree = "<group>"; };
		032402F11CA0E120002E4AEE /* FlyFeet.app */ = {isa = PBXFileReference; explicitFileType = wrapper.application; includeInIndex = 0; path = FlyFeet.app; sourceTree = BUILT_PRODUCTS_DIR; };
		032402F51CA0E120002E4AEE /* main.m */ = {isa = PBXFileReference; lastKnownFileType = sourcecode.c.objc; path = main.m; sourceTree = "<group>"; };
		032402F71CA0E120002E4AEE /* AppDelegate.h */ = {isa = PBXFileReference; lastKnownFileType = sourcecode.c.h; path = AppDelegate.h; sourceTree = "<group>"; };
		032402F81CA0E120002E4AEE /* AppDelegate.m */ = {isa = PBXFileReference; lastKnownFileType = sourcecode.c.objc; path = AppDelegate.m; sourceTree = "<group>"; };
		032402FA1CA0E120002E4AEE /* ViewController.h */ = {isa = PBXFileReference; lastKnownFileType = sourcecode.c.h; path = ViewController.h; sourceTree = "<group>"; };
		032402FB1CA0E120002E4AEE /* ViewController.m */ = {isa = PBXFileReference; lastKnownFileType = sourcecode.c.objc; path = ViewController.m; sourceTree = "<group>"; };
		032402FE1CA0E120002E4AEE /* Base */ = {isa = PBXFileReference; lastKnownFileType = file.storyboard; name = Base; path = Base.lproj/Main.storyboard; sourceTree = "<group>"; };
		032403001CA0E120002E4AEE /* Assets.xcassets */ = {isa = PBXFileReference; lastKnownFileType = folder.assetcatalog; path = Assets.xcassets; sourceTree = "<group>"; };
		032403051CA0E120002E4AEE /* Info.plist */ = {isa = PBXFileReference; lastKnownFileType = text.plist.xml; path = Info.plist; sourceTree = "<group>"; };
		0324030C1CA0E214002E4AEE /* Base */ = {isa = PBXFileReference; lastKnownFileType = file.xib; name = Base; path = Base.lproj/LaunchScreen.xib; sourceTree = "<group>"; };
		0324030E1CA0E248002E4AEE /* PilotingViewController.h */ = {isa = PBXFileReference; fileEncoding = 4; lastKnownFileType = sourcecode.c.h; path = PilotingViewController.h; sourceTree = "<group>"; };
		0324030F1CA0E248002E4AEE /* PilotingViewController.m */ = {isa = PBXFileReference; fileEncoding = 4; lastKnownFileType = sourcecode.c.objc; path = PilotingViewController.m; sourceTree = "<group>"; };
		032403111CA0E3CC002E4AEE /* Launch Screen.storyboard */ = {isa = PBXFileReference; fileEncoding = 4; lastKnownFileType = file.storyboard; path = "Launch Screen.storyboard"; sourceTree = "<group>"; };
		032403171CA0E95A002E4AEE /* FFUtility.h */ = {isa = PBXFileReference; lastKnownFileType = sourcecode.c.h; path = FFUtility.h; sourceTree = "<group>"; };
		032403181CA0E976002E4AEE /* FFUtility.m */ = {isa = PBXFileReference; fileEncoding = 4; lastKnownFileType = sourcecode.c.objc; path = FFUtility.m; sourceTree = "<group>"; };
		0324031A1CA0E9D5002E4AEE /* FFButton.h */ = {isa = PBXFileReference; lastKnownFileType = sourcecode.c.h; path = FFButton.h; sourceTree = "<group>"; };
		0324031B1CA0E9F6002E4AEE /* FFButton.m */ = {isa = PBXFileReference; fileEncoding = 4; lastKnownFileType = sourcecode.c.objc; path = FFButton.m; sourceTree = "<group>"; };
		0324031D1CA0EB46002E4AEE /* Foundation.framework */ = {isa = PBXFileReference; lastKnownFileType = wrapper.framework; name = Foundation.framework; path = System/Library/Frameworks/Foundation.framework; sourceTree = SDKROOT; };
		0324031F1CA0EB4B002E4AEE /* ImageIO.framework */ = {isa = PBXFileReference; lastKnownFileType = wrapper.framework; name = ImageIO.framework; path = System/Library/Frameworks/ImageIO.framework; sourceTree = SDKROOT; };
		032403211CA0EB57002E4AEE /* AssetsLibrary.framework */ = {isa = PBXFileReference; lastKnownFileType = wrapper.framework; name = AssetsLibrary.framework; path = System/Library/Frameworks/AssetsLibrary.framework; sourceTree = SDKROOT; };
		035DDC311CB6CD9E00B3DF8B /* MoreViewController.h */ = {isa = PBXFileReference; lastKnownFileType = sourcecode.c.h; path = MoreViewController.h; sourceTree = "<group>"; };
		0375CB861CBEF19700D13B64 /* drone.png */ = {isa = PBXFileReference; lastKnownFileType = image.png; path = drone.png; sourceTree = "<group>"; };
		038537091CB6F1D9008DA53E /* MoreViewController.m */ = {isa = PBXFileReference; fileEncoding = 4; lastKnownFileType = sourcecode.c.objc; path = MoreViewController.m; sourceTree = "<group>"; };
		0385370B1CB6F804008DA53E /* DismissSegue.m */ = {isa = PBXFileReference; fileEncoding = 4; lastKnownFileType = sourcecode.c.objc; path = DismissSegue.m; sourceTree = "<group>"; };
		0385370D1CB6F81E008DA53E /* DismissSegue.h */ = {isa = PBXFileReference; lastKnownFileType = sourcecode.c.h; path = DismissSegue.h; sourceTree = "<group>"; };
		03E95F261CBEE1C20036C3ED /* camera.png */ = {isa = PBXFileReference; lastKnownFileType = image.png; path = camera.png; sourceTree = "<group>"; };
		03E95F281CBEE1D60036C3ED /* land.png */ = {isa = PBXFileReference; lastKnownFileType = image.png; path = land.png; sourceTree = "<group>"; };
		03E95F2A1CBEE1E00036C3ED /* takeOff.png */ = {isa = PBXFileReference; lastKnownFileType = image.png; path = takeOff.png; sourceTree = "<group>"; };
		03E95F2C1CBEE47B0036C3ED /* backFlip.png */ = {isa = PBXFileReference; lastKnownFileType = image.png; path = backFlip.png; sourceTree = "<group>"; };
		03E95F2E1CBEE5400036C3ED /* back.png */ = {isa = PBXFileReference; lastKnownFileType = image.png; path = back.png; sourceTree = "<group>"; };
/* End PBXFileReference section */

/* Begin PBXFrameworksBuildPhase section */
		032402EE1CA0E120002E4AEE /* Frameworks */ = {
			isa = PBXFrameworksBuildPhase;
			buildActionMask = 2147483647;
			files = (
				032403221CA0EB57002E4AEE /* AssetsLibrary.framework in Frameworks */,
				032403201CA0EB4B002E4AEE /* ImageIO.framework in Frameworks */,
				0324031E1CA0EB46002E4AEE /* Foundation.framework in Frameworks */,
			);
			runOnlyForDeploymentPostprocessing = 0;
		};
/* End PBXFrameworksBuildPhase section */

/* Begin PBXGroup section */
		032402E81CA0E120002E4AEE = {
			isa = PBXGroup;
			children = (
				032403211CA0EB57002E4AEE /* AssetsLibrary.framework */,
				0324031F1CA0EB4B002E4AEE /* ImageIO.framework */,
				0324031D1CA0EB46002E4AEE /* Foundation.framework */,
				032402F31CA0E120002E4AEE /* FlyFeet */,
				032402F21CA0E120002E4AEE /* Products */,
			);
			sourceTree = "<group>";
		};
		032402F21CA0E120002E4AEE /* Products */ = {
			isa = PBXGroup;
			children = (
				032402F11CA0E120002E4AEE /* FlyFeet.app */,
			);
			name = Products;
			sourceTree = "<group>";
		};
		032402F31CA0E120002E4AEE /* FlyFeet */ = {
			isa = PBXGroup;
			children = (
				0324030E1CA0E248002E4AEE /* PilotingViewController.h */,
				0324030F1CA0E248002E4AEE /* PilotingViewController.m */,
				035DDC311CB6CD9E00B3DF8B /* MoreViewController.h */,
				038537091CB6F1D9008DA53E /* MoreViewController.m */,
				0385370B1CB6F804008DA53E /* DismissSegue.m */,
				0385370D1CB6F81E008DA53E /* DismissSegue.h */,
				032402F71CA0E120002E4AEE /* AppDelegate.h */,
				032402F81CA0E120002E4AEE /* AppDelegate.m */,
				032403171CA0E95A002E4AEE /* FFUtility.h */,
				032403181CA0E976002E4AEE /* FFUtility.m */,
				0324031A1CA0E9D5002E4AEE /* FFButton.h */,
				0324031B1CA0E9F6002E4AEE /* FFButton.m */,
				032402FA1CA0E120002E4AEE /* ViewController.h */,
				032402FB1CA0E120002E4AEE /* ViewController.m */,
				032402FD1CA0E120002E4AEE /* Main.storyboard */,
				0324030B1CA0E214002E4AEE /* LaunchScreen.xib */,
				032403001CA0E120002E4AEE /* Assets.xcassets */,
				032403051CA0E120002E4AEE /* Info.plist */,
				032402F41CA0E120002E4AEE /* Supporting Files */,
				032403111CA0E3CC002E4AEE /* Launch Screen.storyboard */,
			);
			path = FlyFeet;
			sourceTree = "<group>";
		};
		032402F41CA0E120002E4AEE /* Supporting Files */ = {
			isa = PBXGroup;
			children = (
				0375CB861CBEF19700D13B64 /* drone.png */,
				03E95F2E1CBEE5400036C3ED /* back.png */,
				03E95F2C1CBEE47B0036C3ED /* backFlip.png */,
				03E95F2A1CBEE1E00036C3ED /* takeOff.png */,
				03E95F281CBEE1D60036C3ED /* land.png */,
				03E95F261CBEE1C20036C3ED /* camera.png */,
				030FABB41CBD6033009022E0 /* backwardArrow.png */,
				030FABB51CBD6033009022E0 /* forwardArrow.png */,
				030FABB61CBD6033009022E0 /* leftYaw.png */,
				030FABB71CBD6033009022E0 /* rightYaw.png */,
				030FABB11CBD5F33009022E0 /* downArrow.png */,
				030FABAF1CBD5F2D009022E0 /* upArrow.png */,
				032402F51CA0E120002E4AEE /* main.m */,
			);
			name = "Supporting Files";
			sourceTree = "<group>";
		};
/* End PBXGroup section */

/* Begin PBXNativeTarget section */
		032402F01CA0E120002E4AEE /* FlyFeet */ = {
			isa = PBXNativeTarget;
			buildConfigurationList = 032403081CA0E120002E4AEE /* Build configuration list for PBXNativeTarget "FlyFeet" */;
			buildPhases = (
				032402ED1CA0E120002E4AEE /* Sources */,
				032402EE1CA0E120002E4AEE /* Frameworks */,
				032402EF1CA0E120002E4AEE /* Resources */,
			);
			buildRules = (
			);
			dependencies = (
			);
			name = FlyFeet;
			productName = FlyFeet;
			productReference = 032402F11CA0E120002E4AEE /* FlyFeet.app */;
			productType = "com.apple.product-type.application";
		};
/* End PBXNativeTarget section */

/* Begin PBXProject section */
		032402E91CA0E120002E4AEE /* Project object */ = {
			isa = PBXProject;
			attributes = {
				LastUpgradeCheck = 0720;
				ORGANIZATIONNAME = "Nico Suarez";
				TargetAttributes = {
					032402F01CA0E120002E4AEE = {
						CreatedOnToolsVersion = 7.2.1;
						DevelopmentTeam = ZUMCNB2DPF;
					};
				};
			};
			buildConfigurationList = 032402EC1CA0E120002E4AEE /* Build configuration list for PBXProject "FlyFeet" */;
			compatibilityVersion = "Xcode 3.2";
			developmentRegion = English;
			hasScannedForEncodings = 0;
			knownRegions = (
				en,
				Base,
			);
			mainGroup = 032402E81CA0E120002E4AEE;
			productRefGroup = 032402F21CA0E120002E4AEE /* Products */;
			projectDirPath = "";
			projectRoot = "";
			targets = (
				032402F01CA0E120002E4AEE /* FlyFeet */,
			);
		};
/* End PBXProject section */

/* Begin PBXResourcesBuildPhase section */
		032402EF1CA0E120002E4AEE /* Resources */ = {
			isa = PBXResourcesBuildPhase;
			buildActionMask = 2147483647;
			files = (
				0324030D1CA0E214002E4AEE /* LaunchScreen.xib in Resources */,
				030FABB01CBD5F2D009022E0 /* upArrow.png in Resources */,
				03E95F2B1CBEE1E00036C3ED /* takeOff.png in Resources */,
				032403011CA0E120002E4AEE /* Assets.xcassets in Resources */,
				0375CB871CBEF19700D13B64 /* drone.png in Resources */,
				03E95F291CBEE1D60036C3ED /* land.png in Resources */,
				03E95F2D1CBEE47B0036C3ED /* backFlip.png in Resources */,
				030FABB21CBD5F33009022E0 /* downArrow.png in Resources */,
				030FABBA1CBD6033009022E0 /* forwardArrow.png in Resources */,
				032403121CA0E3CC002E4AEE /* Launch Screen.storyboard in Resources */,
				030FABB91CBD6033009022E0 /* backwardArrow.png in Resources */,
				030FABBC1CBD6033009022E0 /* rightYaw.png in Resources */,
				03E95F2F1CBEE5400036C3ED /* back.png in Resources */,
				03E95F271CBEE1C20036C3ED /* camera.png in Resources */,
				030FABBB1CBD6033009022E0 /* leftYaw.png in Resources */,
				032402FF1CA0E120002E4AEE /* Main.storyboard in Resources */,
			);
			runOnlyForDeploymentPostprocessing = 0;
		};
/* End PBXResourcesBuildPhase section */

/* Begin PBXSourcesBuildPhase section */
		032402ED1CA0E120002E4AEE /* Sources */ = {
			isa = PBXSourcesBuildPhase;
			buildActionMask = 2147483647;
			files = (
				032403101CA0E248002E4AEE /* PilotingViewController.m in Sources */,
				032402FC1CA0E120002E4AEE /* ViewController.m in Sources */,
				032403191CA0E976002E4AEE /* FFUtility.m in Sources */,
				032402F91CA0E120002E4AEE /* AppDelegate.m in Sources */,
				032402F61CA0E120002E4AEE /* main.m in Sources */,
				0385370A1CB6F1D9008DA53E /* MoreViewController.m in Sources */,
				0324031C1CA0E9F6002E4AEE /* FFButton.m in Sources */,
				0385370C1CB6F804008DA53E /* DismissSegue.m in Sources */,
			);
			runOnlyForDeploymentPostprocessing = 0;
		};
/* End PBXSourcesBuildPhase section */

/* Begin PBXVariantGroup section */
		032402FD1CA0E120002E4AEE /* Main.storyboard */ = {
			isa = PBXVariantGroup;
			children = (
				032402FE1CA0E120002E4AEE /* Base */,
			);
			name = Main.storyboard;
			sourceTree = "<group>";
		};
		0324030B1CA0E214002E4AEE /* LaunchScreen.xib */ = {
			isa = PBXVariantGroup;
			children = (
				0324030C1CA0E214002E4AEE /* Base */,
			);
			name = LaunchScreen.xib;
			sourceTree = "<group>";
		};
/* End PBXVariantGroup section */

/* Begin XCBuildConfiguration section */
		032403061CA0E120002E4AEE /* Debug */ = {
			isa = XCBuildConfiguration;
			buildSettings = {
				ALWAYS_SEARCH_USER_PATHS = NO;
				CLANG_CXX_LANGUAGE_STANDARD = "gnu++0x";
				CLANG_CXX_LIBRARY = "libc++";
				CLANG_ENABLE_MODULES = YES;
				CLANG_ENABLE_OBJC_ARC = YES;
				CLANG_WARN_BOOL_CONVERSION = YES;
				CLANG_WARN_CONSTANT_CONVERSION = YES;
				CLANG_WARN_DIRECT_OBJC_ISA_USAGE = YES_ERROR;
				CLANG_WARN_EMPTY_BODY = YES;
				CLANG_WARN_ENUM_CONVERSION = YES;
				CLANG_WARN_INT_CONVERSION = YES;
				CLANG_WARN_OBJC_ROOT_CLASS = YES_ERROR;
				CLANG_WARN_UNREACHABLE_CODE = YES;
				CLANG_WARN__DUPLICATE_METHOD_MATCH = YES;
				"CODE_SIGN_IDENTITY[sdk=iphoneos*]" = "iPhone Developer";
				COPY_PHASE_STRIP = NO;
				DEBUG_INFORMATION_FORMAT = dwarf;
				ENABLE_STRICT_OBJC_MSGSEND = YES;
				ENABLE_TESTABILITY = YES;
				GCC_C_LANGUAGE_STANDARD = gnu99;
				GCC_DYNAMIC_NO_PIC = NO;
				GCC_NO_COMMON_BLOCKS = YES;
				GCC_OPTIMIZATION_LEVEL = 0;
				GCC_PREPROCESSOR_DEFINITIONS = (
					"DEBUG=1",
					"$(inherited)",
				);
				GCC_WARN_64_TO_32_BIT_CONVERSION = YES;
				GCC_WARN_ABOUT_RETURN_TYPE = YES_ERROR;
				GCC_WARN_UNDECLARED_SELECTOR = YES;
				GCC_WARN_UNINITIALIZED_AUTOS = YES_AGGRESSIVE;
				GCC_WARN_UNUSED_FUNCTION = YES;
				GCC_WARN_UNUSED_VARIABLE = YES;
				IPHONEOS_DEPLOYMENT_TARGET = 9.2;
				MTL_ENABLE_DEBUG_INFO = YES;
				ONLY_ACTIVE_ARCH = YES;
				SDKROOT = iphoneos;
				TARGETED_DEVICE_FAMILY = 2;
			};
			name = Debug;
		};
		032403071CA0E120002E4AEE /* Release */ = {
			isa = XCBuildConfiguration;
			buildSettings = {
				ALWAYS_SEARCH_USER_PATHS = NO;
				CLANG_CXX_LANGUAGE_STANDARD = "gnu++0x";
				CLANG_CXX_LIBRARY = "libc++";
				CLANG_ENABLE_MODULES = YES;
				CLANG_ENABLE_OBJC_ARC = YES;
				CLANG_WARN_BOOL_CONVERSION = YES;
				CLANG_WARN_CONSTANT_CONVERSION = YES;
				CLANG_WARN_DIRECT_OBJC_ISA_USAGE = YES_ERROR;
				CLANG_WARN_EMPTY_BODY = YES;
				CLANG_WARN_ENUM_CONVERSION = YES;
				CLANG_WARN_INT_CONVERSION = YES;
				CLANG_WARN_OBJC_ROOT_CLASS = YES_ERROR;
				CLANG_WARN_UNREACHABLE_CODE = YES;
				CLANG_WARN__DUPLICATE_METHOD_MATCH = YES;
				"CODE_SIGN_IDENTITY[sdk=iphoneos*]" = "iPhone Developer";
				COPY_PHASE_STRIP = NO;
				DEBUG_INFORMATION_FORMAT = "dwarf-with-dsym";
				ENABLE_NS_ASSERTIONS = NO;
				ENABLE_STRICT_OBJC_MSGSEND = YES;
				GCC_C_LANGUAGE_STANDARD = gnu99;
				GCC_NO_COMMON_BLOCKS = YES;
				GCC_WARN_64_TO_32_BIT_CONVERSION = YES;
				GCC_WARN_ABOUT_RETURN_TYPE = YES_ERROR;
				GCC_WARN_UNDECLARED_SELECTOR = YES;
				GCC_WARN_UNINITIALIZED_AUTOS = YES_AGGRESSIVE;
				GCC_WARN_UNUSED_FUNCTION = YES;
				GCC_WARN_UNUSED_VARIABLE = YES;
				IPHONEOS_DEPLOYMENT_TARGET = 9.2;
				MTL_ENABLE_DEBUG_INFO = NO;
				SDKROOT = iphoneos;
				TARGETED_DEVICE_FAMILY = 2;
				VALIDATE_PRODUCT = YES;
			};
			name = Release;
		};
		032403091CA0E120002E4AEE /* Debug */ = {
			isa = XCBuildConfiguration;
			buildSettings = {
				ASSETCATALOG_COMPILER_APPICON_NAME = AppIcon;
				ENABLE_BITCODE = NO;
				"HEADER_SEARCH_PATHS[sdk=iphoneos*]" = "/Users/Nico/ARSDK3_iOS_3_8_3/iOS-iphoneos/staging/usr/include";
				"HEADER_SEARCH_PATHS[sdk=iphonesimulator*]" = "/Users/Nico/ARSDK3_iOS_3_8_3/iOS-iphonesimulator/staging/usr/include";
				INFOPLIST_FILE = FlyFeet/Info.plist;
				IPHONEOS_DEPLOYMENT_TARGET = 7.0;
				LD_RUNPATH_SEARCH_PATHS = "$(inherited) @executable_path/Frameworks";
				"LIBRARY_SEARCH_PATHS[sdk=iphoneos*]" = "/Users/Nico/ARSDK3_iOS_3_8_3/iOS-iphoneos/staging/usr/lib";
				"LIBRARY_SEARCH_PATHS[sdk=iphonesimulator*]" = "/Users/Nico/ARSDK3_iOS_3_8_3/iOS-iphonesimulator/staging/usr/lib";
				ONLY_ACTIVE_ARCH = YES;
				OTHER_LDFLAGS = (
					"-larcommands",
					"-larcontroller",
					"-lardiscovery",
					"-larnetwork",
					"-larnetworkal",
					"-larsal",
					"-larstream",
					"-larstream2",
					"-larmavlink",
					"-ljson",
					"-larmedia",
					"-larutils",
					"-lcurl",
					"-lardatatransfer",
					"-lcrypto",
					"-lssl",
					"-lz",
				);
				PRODUCT_BUNDLE_IDENTIFIER = nsuarez.FlyFeet1;
				PRODUCT_NAME = "$(TARGET_NAME)";
				TARGETED_DEVICE_FAMILY = "1,2";
				VALID_ARCHS = "armv6 armv7 armv7s arm64";
			};
			name = Debug;
		};
		0324030A1CA0E120002E4AEE /* Release */ = {
			isa = XCBuildConfiguration;
			buildSettings = {
				ASSETCATALOG_COMPILER_APPICON_NAME = AppIcon;
				ENABLE_BITCODE = NO;
				"HEADER_SEARCH_PATHS[sdk=iphoneos*]" = "/Users/Nico/ARSDK3_iOS_3_8_3/iOS-iphoneos/staging/usr/include";
				"HEADER_SEARCH_PATHS[sdk=iphonesimulator*]" = "/Users/Nico/ARSDK3_iOS_3_8_3/iOS-iphonesimulator/staging/usr/include";
				INFOPLIST_FILE = FlyFeet/Info.plist;
				IPHONEOS_DEPLOYMENT_TARGET = 7.0;
				LD_RUNPATH_SEARCH_PATHS = "$(inherited) @executable_path/Frameworks";
				"LIBRARY_SEARCH_PATHS[sdk=iphoneos*]" = "/Users/Nico/ARSDK3_iOS_3_8_3/iOS-iphoneos/staging/usr/lib";
				"LIBRARY_SEARCH_PATHS[sdk=iphonesimulator*]" = "/Users/Nico/ARSDK3_iOS_3_8_3/iOS-iphonesimulator/staging/usr/lib";
				ONLY_ACTIVE_ARCH = YES;
				OTHER_LDFLAGS = (
					"-larcommands",
					"-larcontroller",
					"-lardiscovery",
					"-larnetwork",
					"-larnetworkal",
					"-larsal",
					"-larstream",
					"-larstream2",
					"-larmavlink",
					"-ljson",
					"-larmedia",
					"-larutils",
					"-lcurl",
					"-lardatatransfer",
					"-lcrypto",
					"-lssl",
					"-lz",
				);
				PRODUCT_BUNDLE_IDENTIFIER = nsuarez.FlyFeet1;
				PRODUCT_NAME = "$(TARGET_NAME)";
				TARGETED_DEVICE_FAMILY = "1,2";
				VALID_ARCHS = "armv6 armv7 armv7s arm64";
			};
			name = Release;
		};
/* End XCBuildConfiguration section */

/* Begin XCConfigurationList section */
		032402EC1CA0E120002E4AEE /* Build configuration list for PBXProject "FlyFeet" */ = {
			isa = XCConfigurationList;
			buildConfigurations = (
				032403061CA0E120002E4AEE /* Debug */,
				032403071CA0E120002E4AEE /* Release */,
			);
			defaultConfigurationIsVisible = 0;
			defaultConfigurationName = Release;
		};
		032403081CA0E120002E4AEE /* Build configuration list for PBXNativeTarget "FlyFeet" */ = {
			isa = XCConfigurationList;
			buildConfigurations = (
				032403091CA0E120002E4AEE /* Debug */,
				0324030A1CA0E120002E4AEE /* Release */,
			);
			defaultConfigurationIsVisible = 0;
			defaultConfigurationName = Release;
		};
/* End XCConfigurationList section */
	};
	rootObject = 032402E91CA0E120002E4AEE /* Project object */;
}
